
Microsoft Visual Studio Solution File, Format Version 12.00
# Visual Studio 15
VisualStudioVersion = 15.0.28010.2016
MinimumVisualStudioVersion = 10.0.40219.1
Project("{FAE04EC0-301F-11D3-BF4B-00C04F79EFBC}") = "Xcode", "Xcode\Xcode.csproj", "{1B1CBD5D-130F-49D2-BAF4-870C14804CF0}"
EndProject
Global
	GlobalSection(SolutionConfigurationPlatforms) = preSolution
		Debug|Any CPU = Debug|Any CPU
		Release|Any CPU = Release|Any CPU
	EndGlobalSection
	GlobalSection(ProjectConfigurationPlatforms) = postSolution
		{1B1CBD5D-130F-49D2-BAF4-870C14804CF0}.Debug|Any CPU.ActiveCfg = Debug|Any CPU
		{1B1CBD5D-130F-49D2-BAF4-870C14804CF0}.Debug|Any CPU.Build.0 = Debug|Any CPU
		{1B1CBD5D-130F-49D2-BAF4-870C14804CF0}.Release|Any CPU.ActiveCfg = Release|Any CPU
		{1B1CBD5D-130F-49D2-BAF4-870C14804CF0}.Release|Any CPU.Build.0 = Release|Any CPU
	EndGlobalSection
	GlobalSection(SolutionProperties) = preSolution
		HideSolutionNode = FALSE
	EndGlobalSection
	GlobalSection(ExtensibilityGlobals) = postSolution
		SolutionGuid = {56B80937-687D-4D20-BEA3-0915E2CA22B1}
	EndGlobalSection
EndGlobal
